
Microsoft Visual Studio Solution File, Format Version 12.00
# Visual Studio Version 17
VisualStudioVersion = 17.14.37012.4 d17.14
MinimumVisualStudioVersion = 10.0.40219.1
Project("{888888A0-9F3D-457C-B088-3A5042F75D52}") = "Fitness_curse_proj", "Fitness_curse_proj\Fitness_curse_proj.pyproj", "{89511EA1-5F42-4F9C-B51E-8BDB65BDB1AA}"
EndProject
Global
	GlobalSection(SolutionConfigurationPlatforms) = preSolution
		Debug|Any CPU = Debug|Any CPU
		Release|Any CPU = Release|Any CPU
	EndGlobalSection
	GlobalSection(ProjectConfigurationPlatforms) = postSolution
		{89511EA1-5F42-4F9C-B51E-8BDB65BDB1AA}.Debug|Any CPU.ActiveCfg = Debug|Any CPU
		{89511EA1-5F42-4F9C-B51E-8BDB65BDB1AA}.Debug|Any CPU.Build.0 = Debug|Any CPU
		{89511EA1-5F42-4F9C-B51E-8BDB65BDB1AA}.Release|Any CPU.ActiveCfg = Release|Any CPU
		{89511EA1-5F42-4F9C-B51E-8BDB65BDB1AA}.Release|Any CPU.Build.0 = Release|Any CPU
	EndGlobalSection
	GlobalSection(SolutionProperties) = preSolution
		HideSolutionNode = FALSE
	EndGlobalSection
	GlobalSection(ExtensibilityGlobals) = postSolution
		SolutionGuid = {DAA4A158-0FB1-489A-89CB-AFF554FBDEF3}
	EndGlobalSection
EndGlobal
